
Microsoft Visual Studio Solution File, Format Version 12.00
# Visual Studio 15
VisualStudioVersion = 15.0.28307.572
MinimumVisualStudioVersion = 10.0.40219.1
Project("{FAE04EC0-301F-11D3-BF4B-00C04F79EFBC}") = "Nonogram", "Nonogram\Nonogram.csproj", "{1450369C-F3F0-4BAB-A7B4-77D002561DEA}"
EndProject
Global
	GlobalSection(SolutionConfigurationPlatforms) = preSolution
		Debug|Any CPU = Debug|Any CPU
		Release|Any CPU = Release|Any CPU
	EndGlobalSection
	GlobalSection(ProjectConfigurationPlatforms) = postSolution
		{1450369C-F3F0-4BAB-A7B4-77D002561DEA}.Debug|Any CPU.ActiveCfg = Debug|Any CPU
		{1450369C-F3F0-4BAB-A7B4-77D002561DEA}.Debug|Any CPU.Build.0 = Debug|Any CPU
		{1450369C-F3F0-4BAB-A7B4-77D002561DEA}.Release|Any CPU.ActiveCfg = Release|Any CPU
		{1450369C-F3F0-4BAB-A7B4-77D002561DEA}.Release|Any CPU.Build.0 = Release|Any CPU
	EndGlobalSection
	GlobalSection(SolutionProperties) = preSolution
		HideSolutionNode = FALSE
	EndGlobalSection
	GlobalSection(ExtensibilityGlobals) = postSolution
		SolutionGuid = {AF64A841-00F3-4908-B83A-D533BFDE5114}
	EndGlobalSection
EndGlobal
